github.com/joho/godotenv v1.4.0 h1:3l4+N6zfMWnkbPEXKng2o2/MR5mSwTrBih4ZEkkz1lg=
github.com/joho/godotenv v1.4.0/go.mod h1:f4LDr5Voq0i2e/R5DDNOoa2zzDfwtkZa6DnEwAbqwq4=
github.com/thathaneydude/go-tenable v0.0.0-20200708130201-a4b2bb8dcfbe h1:3uiF+EZkboChjKUuw5pXJqfbTpL7NgmHv+Kbwd4YNKo=
github.com/thathaneydude/go-tenable v0.0.0-20200708130201-a4b2bb8dcfbe/go.mod h1:PEKNQ3h/Mvfe8WK5fcQW2DCeUL74zFZ6yf0gfoKhOFI=
